
Microsoft Visual Studio Solution File, Format Version 12.00
# Visual Studio Version 16
VisualStudioVersion = 16.0.31313.79
MinimumVisualStudioVersion = 10.0.40219.1
Project("{FAE04EC0-301F-11D3-BF4B-00C04F79EFBC}") = "Entities", "Entities\Entities.csproj", "{B2A1DCFF-45B9-4D74-93CD-6D06BE0BC38B}"
EndProject
Global
	GlobalSection(SolutionConfigurationPlatforms) = preSolution
		Debug|Any CPU = Debug|Any CPU
		Release|Any CPU = Release|Any CPU
	EndGlobalSection
	GlobalSection(ProjectConfigurationPlatforms) = postSolution
		{B2A1DCFF-45B9-4D74-93CD-6D06BE0BC38B}.Debug|Any CPU.ActiveCfg = Debug|Any CPU
		{B2A1DCFF-45B9-4D74-93CD-6D06BE0BC38B}.Debug|Any CPU.Build.0 = Debug|Any CPU
		{B2A1DCFF-45B9-4D74-93CD-6D06BE0BC38B}.Release|Any CPU.ActiveCfg = Release|Any CPU
		{B2A1DCFF-45B9-4D74-93CD-6D06BE0BC38B}.Release|Any CPU.Build.0 = Release|Any CPU
	EndGlobalSection
	GlobalSection(SolutionProperties) = preSolution
		HideSolutionNode = FALSE
	EndGlobalSection
	GlobalSection(ExtensibilityGlobals) = postSolution
		SolutionGuid = {98789127-61F3-4589-9580-34D612B4CD7F}
	EndGlobalSection
EndGlobal
